// !$*UTF8*$!
{
	archiveVersion = 1;
	classes = {
	};
	objectVersion = 46;
	objects = {

/* Begin PBXBuildFile section */
		934C6093152389EF00CA09A7 /* UIKit.framework in Frameworks */ = {isa = PBXBuildFile; fileRef = 934C6092152389EF00CA09A7 /* UIKit.framework */; };
		934C6095152389EF00CA09A7 /* Foundation.framework in Frameworks */ = {isa = PBXBuildFile; fileRef = 934C6094152389EF00CA09A7 /* Foundation.framework */; };
		934C6097152389EF00CA09A7 /* CoreGraphics.framework in Frameworks */ = {isa = PBXBuildFile; fileRef = 934C6096152389EF00CA09A7 /* CoreGraphics.framework */; };
		934C609D152389EF00CA09A7 /* InfoPlist.strings in Resources */ = {isa = PBXBuildFile; fileRef = 934C609B152389EF00CA09A7 /* InfoPlist.strings */; };
		934C609F152389EF00CA09A7 /* main.m in Sources */ = {isa = PBXBuildFile; fileRef = 934C609E152389EF00CA09A7 /* main.m */; };
		934C60A3152389EF00CA09A7 /* AppDelegate.m in Sources */ = {isa = PBXBuildFile; fileRef = 934C60A2152389EF00CA09A7 /* AppDelegate.m */; };
		934C60A6152389EF00CA09A7 /* ViewController.m in Sources */ = {isa = PBXBuildFile; fileRef = 934C60A5152389EF00CA09A7 /* ViewController.m */; };
		934C60A9152389EF00CA09A7 /* ViewController.xib in Resources */ = {isa = PBXBuildFile; fileRef = 934C60A7152389EF00CA09A7 /* ViewController.xib */; };
/* End PBXBuildFile section */

/* Begin PBXFileReference section */
		934C608E152389EF00CA09A7 /* TableViewExample.app */ = {isa = PBXFileReference; explicitFileType = wrapper.application; includeInIndex = 0; path = TableViewExample.app; sourceTree = BUILT_PRODUCTS_DIR; };
		934C6092152389EF00CA09A7 /* UIKit.framework */ = {isa = PBXFileReference; lastKnownFileType = wrapper.framework; name = UIKit.framework; path = System/Library/Frameworks/UIKit.framework; sourceTree = SDKROOT; };
		934C6094152389EF00CA09A7 /* Foundation.framework */ = {isa = PBXFileReference; lastKnownFileType = wrapper.framework; name = Foundation.framework; path = System/Library/Frameworks/Foundation.framework; sourceTree = SDKROOT; };
		934C6096152389EF00CA09A7 /* CoreGraphics.framework */ = {isa = PBXFileReference; lastKnownFileType = wrapper.framework; name = CoreGraphics.framework; path = System/Library/Frameworks/CoreGraphics.framework; sourceTree = SDKROOT; };
		934C609A152389EF00CA09A7 /* TableViewExample-Info.plist */ = {isa = PBXFileReference; lastKnownFileType = text.plist.xml; path = "TableViewExample-Info.plist"; sourceTree = "<group>"; };
		934C609C152389EF00CA09A7 /* en */ = {isa = PBXFileReference; lastKnownFileType = text.plist.strings; name = en; path = en.lproj/InfoPlist.strings; sourceTree = "<group>"; };
		934C609E152389EF00CA09A7 /* main.m */ = {isa = PBXFileReference; lastKnownFileType = sourcecode.c.objc; path = main.m; sourceTree = "<group>"; };
		934C60A0152389EF00CA09A7 /* TableViewExample-Prefix.pch */ = {isa = PBXFileReference; lastKnownFileType = sourcecode.c.h; path = "TableViewExample-Prefix.pch"; sourceTree = "<group>"; };
		934C60A1152389EF00CA09A7 /* AppDelegate.h */ = {isa = PBXFileReference; lastKnownFileType = sourcecode.c.h; path = AppDelegate.h; sourceTree = "<group>"; };
		934C60A2152389EF00CA09A7 /* AppDelegate.m */ = {isa = PBXFileReference; lastKnownFileType = sourcecode.c.objc; path = AppDelegate.m; sourceTree = "<group>"; };
		934C60A4152389EF00CA09A7 /* ViewController.h */ = {isa = PBXFileReference; lastKnownFileType = sourcecode.c.h; path = ViewController.h; sourceTree = "<group>"; };
		934C60A5152389EF00CA09A7 /* ViewController.m */ = {isa = PBXFileReference; lastKnownFileType = sourcecode.c.objc; path = ViewController.m; sourceTree = "<group>"; };
		934C60A8152389EF00CA09A7 /* en */ = {isa = PBXFileReference; lastKnownFileType = file.xib; name = en; path = en.lproj/ViewController.xib; sourceTree = "<group>"; };
/* End PBXFileReference section */

/* Begin PBXFrameworksBuildPhase section */
		934C608B152389EF00CA09A7 /* Frameworks */ = {
			isa = PBXFrameworksBuildPhase;
			buildActionMask = 2147483647;
			files = (
				934C6093152389EF00CA09A7 /* UIKit.framework in Frameworks */,
				934C6095152389EF00CA09A7 /* Foundation.framework in Frameworks */,
				934C6097152389EF00CA09A7 /* CoreGraphics.framework in Frameworks */,
			);
			runOnlyForDeploymentPostprocessing = 0;
		};
/* End PBXFrameworksBuildPhase section */

/* Begin PBXGroup section */
		934C6083152389EF00CA09A7 = {
			isa = PBXGroup;
			children = (
				934C6098152389EF00CA09A7 /* TableViewExample */,
				934C6091152389EF00CA09A7 /* Frameworks */,
				934C608F152389EF00CA09A7 /* Products */,
			);
			sourceTree = "<group>";
		};
		934C608F152389EF00CA09A7 /* Products */ = {
			isa = PBXGroup;
			children = (
				934C608E152389EF00CA09A7 /* TableViewExample.app */,
			);
			name = Products;
			sourceTree = "<group>";
		};
		934C6091152389EF00CA09A7 /* Frameworks */ = {
			isa = PBXGroup;
			children = (
				934C6092152389EF00CA09A7 /* UIKit.framework */,
				934C6094152389EF00CA09A7 /* Foundation.framework */,
				934C6096152389EF00CA09A7 /* CoreGraphics.framework */,
			);
			name = Frameworks;
			sourceTree = "<group>";
		};
		934C6098152389EF00CA09A7 /* TableViewExample */ = {
			isa = PBXGroup;
			children = (
				934C60A1152389EF00CA09A7 /* AppDelegate.h */,
				934C60A2152389EF00CA09A7 /* AppDelegate.m */,
				934C60A4152389EF00CA09A7 /* ViewController.h */,
				934C60A5152389EF00CA09A7 /* ViewController.m */,
				934C60A7152389EF00CA09A7 /* ViewController.xib */,
				934C6099152389EF00CA09A7 /* Supporting Files */,
			);
			path = TableViewExample;
			sourceTree = "<group>";
		};
		934C6099152389EF00CA09A7 /* Supporting Files */ = {
			isa = PBXGroup;
			children = (
				934C609A152389EF00CA09A7 /* TableViewExample-Info.plist */,
				934C609B152389EF00CA09A7 /* InfoPlist.strings */,
				934C609E152389EF00CA09A7 /* main.m */,
				934C60A0152389EF00CA09A7 /* TableViewExample-Prefix.pch */,
			);
			name = "Supporting Files";
			sourceTree = "<group>";
		};
/* End PBXGroup section */

/* Begin PBXNativeTarget section */
		934C608D152389EF00CA09A7 /* TableViewExample */ = {
			isa = PBXNativeTarget;
			buildConfigurationList = 934C60AC152389EF00CA09A7 /* Build configuration list for PBXNativeTarget "TableViewExample" */;
			buildPhases = (
				934C608A152389EF00CA09A7 /* Sources */,
				934C608B152389EF00CA09A7 /* Frameworks */,
				934C608C152389EF00CA09A7 /* Resources */,
			);
			buildRules = (
			);
			dependencies = (
			);
			name = TableViewExample;
			productName = TableViewExample;
			productReference = 934C608E152389EF00CA09A7 /* TableViewExample.app */;
			productType = "com.apple.product-type.application";
		};
/* End PBXNativeTarget section */

/* Begin PBXProject section */
		934C6085152389EF00CA09A7 /* Project object */ = {
			isa = PBXProject;
			attributes = {
				LastUpgradeCheck = 0430;
			};
			buildConfigurationList = 934C6088152389EF00CA09A7 /* Build configuration list for PBXProject "TableViewExample" */;
			compatibilityVersion = "Xcode 3.2";
			developmentRegion = English;
			hasScannedForEncodings = 0;
			knownRegions = (
				en,
			);
			mainGroup = 934C6083152389EF00CA09A7;
			productRefGroup = 934C608F152389EF00CA09A7 /* Products */;
			projectDirPath = "";
			projectRoot = "";
			targets = (
				934C608D152389EF00CA09A7 /* TableViewExample */,
			);
		};
/* End PBXProject section */

/* Begin PBXResourcesBuildPhase section */
		934C608C152389EF00CA09A7 /* Resources */ = {
			isa = PBXResourcesBuildPhase;
			buildActionMask = 2147483647;
			files = (
				934C609D152389EF00CA09A7 /* InfoPlist.strings in Resources */,
				934C60A9152389EF00CA09A7 /* ViewController.xib in Resources */,
			);
			runOnlyForDeploymentPostprocessing = 0;
		};
/* End PBXResourcesBuildPhase section */

/* Begin PBXSourcesBuildPhase section */
		934C608A152389EF00CA09A7 /* Sources */ = {
			isa = PBXSourcesBuildPhase;
			buildActionMask = 2147483647;
			files = (
				934C609F152389EF00CA09A7 /* main.m in Sources */,
				934C60A3152389EF00CA09A7 /* AppDelegate.m in Sources */,
				934C60A6152389EF00CA09A7 /* ViewController.m in Sources */,
			);
			runOnlyForDeploymentPostprocessing = 0;
		};
/* End PBXSourcesBuildPhase section */

/* Begin PBXVariantGroup section */
		934C609B152389EF00CA09A7 /* InfoPlist.strings */ = {
			isa = PBXVariantGroup;
			children = (
				934C609C152389EF00CA09A7 /* en */,
			);
			name = InfoPlist.strings;
			sourceTree = "<group>";
		};
		934C60A7152389EF00CA09A7 /* ViewController.xib */ = {
			isa = PBXVariantGroup;
			children = (
				934C60A8152389EF00CA09A7 /* en */,
			);
			name = ViewController.xib;
			sourceTree = "<group>";
		};
/* End PBXVariantGroup section */

/* Begin XCBuildConfiguration section */
		934C60AA152389EF00CA09A7 /* Debug */ = {
			isa = XCBuildConfiguration;
			buildSettings = {
				ALWAYS_SEARCH_USER_PATHS = NO;
				ARCHS = "$(ARCHS_STANDARD_32_BIT)";
				CLANG_ENABLE_OBJC_ARC = YES;
				"CODE_SIGN_IDENTITY[sdk=iphoneos*]" = "iPhone Developer";
				COPY_PHASE_STRIP = NO;
				GCC_C_LANGUAGE_STANDARD = gnu99;
				GCC_DYNAMIC_NO_PIC = NO;
				GCC_OPTIMIZATION_LEVEL = 0;
				GCC_PREPROCESSOR_DEFINITIONS = (
					"DEBUG=1",
					"$(inherited)",
				);
				GCC_SYMBOLS_PRIVATE_EXTERN = NO;
				GCC_VERSION = com.apple.compilers.llvm.clang.1_0;
				GCC_WARN_ABOUT_RETURN_TYPE = YES;
				GCC_WARN_UNINITIALIZED_AUTOS = YES;
				GCC_WARN_UNUSED_VARIABLE = YES;
				IPHONEOS_DEPLOYMENT_TARGET = 5.1;
				SDKROOT = iphoneos;
			};
			name = Debug;
		};
		934C60AB152389EF00CA09A7 /* Release */ = {
			isa = XCBuildConfiguration;
			buildSettings = {
				ALWAYS_SEARCH_USER_PATHS = NO;
				ARCHS = "$(ARCHS_STANDARD_32_BIT)";
				CLANG_ENABLE_OBJC_ARC = YES;
				"CODE_SIGN_IDENTITY[sdk=iphoneos*]" = "iPhone Developer";
				COPY_PHASE_STRIP = YES;
				GCC_C_LANGUAGE_STANDARD = gnu99;
				GCC_VERSION = com.apple.compilers.llvm.clang.1_0;
				GCC_WARN_ABOUT_RETURN_TYPE = YES;
				GCC_WARN_UNINITIALIZED_AUTOS = YES;
				GCC_WARN_UNUSED_VARIABLE = YES;
				IPHONEOS_DEPLOYMENT_TARGET = 5.1;
				OTHER_CFLAGS = "-DNS_BLOCK_ASSERTIONS=1";
				SDKROOT = iphoneos;
				VALIDATE_PRODUCT = YES;
			};
			name = Release;
		};
		934C60AD152389EF00CA09A7 /* Debug */ = {
			isa = XCBuildConfiguration;
			buildSettings = {
				GCC_PRECOMPILE_PREFIX_HEADER = YES;
				GCC_PREFIX_HEADER = "TableViewExample/TableViewExample-Prefix.pch";
				INFOPLIST_FILE = "TableViewExample/TableViewExample-Info.plist";
				PRODUCT_NAME = "$(TARGET_NAME)";
				WRAPPER_EXTENSION = app;
			};
			name = Debug;
		};
		934C60AE152389EF00CA09A7 /* Release */ = {
			isa = XCBuildConfiguration;
			buildSettings = {
				GCC_PRECOMPILE_PREFIX_HEADER = YES;
				GCC_PREFIX_HEADER = "TableViewExample/TableViewExample-Prefix.pch";
				INFOPLIST_FILE = "TableViewExample/TableViewExample-Info.plist";
				PRODUCT_NAME = "$(TARGET_NAME)";
				WRAPPER_EXTENSION = app;
			};
			name = Release;
		};
/* End XCBuildConfiguration section */

/* Begin XCConfigurationList section */
		934C6088152389EF00CA09A7 /* Build configuration list for PBXProject "TableViewExample" */ = {
			isa = XCConfigurationList;
			buildConfigurations = (
				934C60AA152389EF00CA09A7 /* Debug */,
				934C60AB152389EF00CA09A7 /* Release */,
			);
			defaultConfigurationIsVisible = 0;
			defaultConfigurationName = Release;
		};
		934C60AC152389EF00CA09A7 /* Build configuration list for PBXNativeTarget "TableViewExample" */ = {
			isa = XCConfigurationList;
			buildConfigurations = (
				934C60AD152389EF00CA09A7 /* Debug */,
				934C60AE152389EF00CA09A7 /* Release */,
			);
			defaultConfigurationIsVisible = 0;
		};
/* End XCConfigurationList section */
	};
	rootObject = 934C6085152389EF00CA09A7 /* Project object */;
}
