// !$*UTF8*$!
{
	archiveVersion = 1;
	classes = {
	};
	objectVersion = 46;
	objects = {

/* Begin PBXBuildFile section */
		93548E221517B52B00C929E7 /* UIKit.framework in Frameworks */ = {isa = PBXBuildFile; fileRef = 93548E211517B52B00C929E7 /* UIKit.framework */; };
		93548E241517B52B00C929E7 /* Foundation.framework in Frameworks */ = {isa = PBXBuildFile; fileRef = 93548E231517B52B00C929E7 /* Foundation.framework */; };
		93548E261517B52B00C929E7 /* CoreGraphics.framework in Frameworks */ = {isa = PBXBuildFile; fileRef = 93548E251517B52B00C929E7 /* CoreGraphics.framework */; };
		93548E2C1517B52B00C929E7 /* InfoPlist.strings in Resources */ = {isa = PBXBuildFile; fileRef = 93548E2A1517B52B00C929E7 /* InfoPlist.strings */; };
		93548E2E1517B52B00C929E7 /* main.m in Sources */ = {isa = PBXBuildFile; fileRef = 93548E2D1517B52B00C929E7 /* main.m */; };
		93548E321517B52B00C929E7 /* AppDelegate.m in Sources */ = {isa = PBXBuildFile; fileRef = 93548E311517B52B00C929E7 /* AppDelegate.m */; };
		93548E351517B52B00C929E7 /* ViewController.m in Sources */ = {isa = PBXBuildFile; fileRef = 93548E341517B52B00C929E7 /* ViewController.m */; };
		93548E381517B52B00C929E7 /* ViewController.xib in Resources */ = {isa = PBXBuildFile; fileRef = 93548E361517B52B00C929E7 /* ViewController.xib */; };
		93E84C121519897000679199 /* TF.m in Sources */ = {isa = PBXBuildFile; fileRef = 93E84C111519897000679199 /* TF.m */; };
		93E84C161519897D00679199 /* CA.m in Sources */ = {isa = PBXBuildFile; fileRef = 93E84C151519897D00679199 /* CA.m */; };
/* End PBXBuildFile section */

/* Begin PBXFileReference section */
		93548E1D1517B52B00C929E7 /* CustomProtocolExample.app */ = {isa = PBXFileReference; explicitFileType = wrapper.application; includeInIndex = 0; path = CustomProtocolExample.app; sourceTree = BUILT_PRODUCTS_DIR; };
		93548E211517B52B00C929E7 /* UIKit.framework */ = {isa = PBXFileReference; lastKnownFileType = wrapper.framework; name = UIKit.framework; path = System/Library/Frameworks/UIKit.framework; sourceTree = SDKROOT; };
		93548E231517B52B00C929E7 /* Foundation.framework */ = {isa = PBXFileReference; lastKnownFileType = wrapper.framework; name = Foundation.framework; path = System/Library/Frameworks/Foundation.framework; sourceTree = SDKROOT; };
		93548E251517B52B00C929E7 /* CoreGraphics.framework */ = {isa = PBXFileReference; lastKnownFileType = wrapper.framework; name = CoreGraphics.framework; path = System/Library/Frameworks/CoreGraphics.framework; sourceTree = SDKROOT; };
		93548E291517B52B00C929E7 /* CustomProtocolExample-Info.plist */ = {isa = PBXFileReference; lastKnownFileType = text.plist.xml; path = "CustomProtocolExample-Info.plist"; sourceTree = "<group>"; };
		93548E2B1517B52B00C929E7 /* en */ = {isa = PBXFileReference; lastKnownFileType = text.plist.strings; name = en; path = en.lproj/InfoPlist.strings; sourceTree = "<group>"; };
		93548E2D1517B52B00C929E7 /* main.m */ = {isa = PBXFileReference; lastKnownFileType = sourcecode.c.objc; path = main.m; sourceTree = "<group>"; };
		93548E2F1517B52B00C929E7 /* CustomProtocolExample-Prefix.pch */ = {isa = PBXFileReference; lastKnownFileType = sourcecode.c.h; path = "CustomProtocolExample-Prefix.pch"; sourceTree = "<group>"; };
		93548E301517B52B00C929E7 /* AppDelegate.h */ = {isa = PBXFileReference; lastKnownFileType = sourcecode.c.h; path = AppDelegate.h; sourceTree = "<group>"; };
		93548E311517B52B00C929E7 /* AppDelegate.m */ = {isa = PBXFileReference; lastKnownFileType = sourcecode.c.objc; path = AppDelegate.m; sourceTree = "<group>"; };
		93548E331517B52B00C929E7 /* ViewController.h */ = {isa = PBXFileReference; lastKnownFileType = sourcecode.c.h; path = ViewController.h; sourceTree = "<group>"; };
		93548E341517B52B00C929E7 /* ViewController.m */ = {isa = PBXFileReference; lastKnownFileType = sourcecode.c.objc; path = ViewController.m; sourceTree = "<group>"; };
		93548E371517B52B00C929E7 /* en */ = {isa = PBXFileReference; lastKnownFileType = file.xib; name = en; path = en.lproj/ViewController.xib; sourceTree = "<group>"; };
		93E84C101519897000679199 /* TF.h */ = {isa = PBXFileReference; fileEncoding = 4; lastKnownFileType = sourcecode.c.h; path = TF.h; sourceTree = "<group>"; };
		93E84C111519897000679199 /* TF.m */ = {isa = PBXFileReference; fileEncoding = 4; lastKnownFileType = sourcecode.c.objc; path = TF.m; sourceTree = "<group>"; };
		93E84C141519897D00679199 /* CA.h */ = {isa = PBXFileReference; fileEncoding = 4; lastKnownFileType = sourcecode.c.h; path = CA.h; sourceTree = "<group>"; };
		93E84C151519897D00679199 /* CA.m */ = {isa = PBXFileReference; fileEncoding = 4; lastKnownFileType = sourcecode.c.objc; path = CA.m; sourceTree = "<group>"; };
/* End PBXFileReference section */

/* Begin PBXFrameworksBuildPhase section */
		93548E1A1517B52B00C929E7 /* Frameworks */ = {
			isa = PBXFrameworksBuildPhase;
			buildActionMask = 2147483647;
			files = (
				93548E221517B52B00C929E7 /* UIKit.framework in Frameworks */,
				93548E241517B52B00C929E7 /* Foundation.framework in Frameworks */,
				93548E261517B52B00C929E7 /* CoreGraphics.framework in Frameworks */,
			);
			runOnlyForDeploymentPostprocessing = 0;
		};
/* End PBXFrameworksBuildPhase section */

/* Begin PBXGroup section */
		93548E121517B52B00C929E7 = {
			isa = PBXGroup;
			children = (
				93548E271517B52B00C929E7 /* CustomProtocolExample */,
				93548E201517B52B00C929E7 /* Frameworks */,
				93548E1E1517B52B00C929E7 /* Products */,
			);
			sourceTree = "<group>";
		};
		93548E1E1517B52B00C929E7 /* Products */ = {
			isa = PBXGroup;
			children = (
				93548E1D1517B52B00C929E7 /* CustomProtocolExample.app */,
			);
			name = Products;
			sourceTree = "<group>";
		};
		93548E201517B52B00C929E7 /* Frameworks */ = {
			isa = PBXGroup;
			children = (
				93548E211517B52B00C929E7 /* UIKit.framework */,
				93548E231517B52B00C929E7 /* Foundation.framework */,
				93548E251517B52B00C929E7 /* CoreGraphics.framework */,
			);
			name = Frameworks;
			sourceTree = "<group>";
		};
		93548E271517B52B00C929E7 /* CustomProtocolExample */ = {
			isa = PBXGroup;
			children = (
				93548E301517B52B00C929E7 /* AppDelegate.h */,
				93548E311517B52B00C929E7 /* AppDelegate.m */,
				93548E331517B52B00C929E7 /* ViewController.h */,
				93548E341517B52B00C929E7 /* ViewController.m */,
				93548E361517B52B00C929E7 /* ViewController.xib */,
				93E84C101519897000679199 /* TF.h */,
				93E84C111519897000679199 /* TF.m */,
				93E84C141519897D00679199 /* CA.h */,
				93E84C151519897D00679199 /* CA.m */,
				93548E281517B52B00C929E7 /* Supporting Files */,
			);
			path = CustomProtocolExample;
			sourceTree = "<group>";
		};
		93548E281517B52B00C929E7 /* Supporting Files */ = {
			isa = PBXGroup;
			children = (
				93548E291517B52B00C929E7 /* CustomProtocolExample-Info.plist */,
				93548E2A1517B52B00C929E7 /* InfoPlist.strings */,
				93548E2D1517B52B00C929E7 /* main.m */,
				93548E2F1517B52B00C929E7 /* CustomProtocolExample-Prefix.pch */,
			);
			name = "Supporting Files";
			sourceTree = "<group>";
		};
/* End PBXGroup section */

/* Begin PBXNativeTarget section */
		93548E1C1517B52B00C929E7 /* CustomProtocolExample */ = {
			isa = PBXNativeTarget;
			buildConfigurationList = 93548E3B1517B52B00C929E7 /* Build configuration list for PBXNativeTarget "CustomProtocolExample" */;
			buildPhases = (
				93548E191517B52B00C929E7 /* Sources */,
				93548E1A1517B52B00C929E7 /* Frameworks */,
				93548E1B1517B52B00C929E7 /* Resources */,
			);
			buildRules = (
			);
			dependencies = (
			);
			name = CustomProtocolExample;
			productName = CustomProtocolExample;
			productReference = 93548E1D1517B52B00C929E7 /* CustomProtocolExample.app */;
			productType = "com.apple.product-type.application";
		};
/* End PBXNativeTarget section */

/* Begin PBXProject section */
		93548E141517B52B00C929E7 /* Project object */ = {
			isa = PBXProject;
			attributes = {
				LastUpgradeCheck = 0430;
			};
			buildConfigurationList = 93548E171517B52B00C929E7 /* Build configuration list for PBXProject "CustomProtocolExample" */;
			compatibilityVersion = "Xcode 3.2";
			developmentRegion = English;
			hasScannedForEncodings = 0;
			knownRegions = (
				en,
			);
			mainGroup = 93548E121517B52B00C929E7;
			productRefGroup = 93548E1E1517B52B00C929E7 /* Products */;
			projectDirPath = "";
			projectRoot = "";
			targets = (
				93548E1C1517B52B00C929E7 /* CustomProtocolExample */,
			);
		};
/* End PBXProject section */

/* Begin PBXResourcesBuildPhase section */
		93548E1B1517B52B00C929E7 /* Resources */ = {
			isa = PBXResourcesBuildPhase;
			buildActionMask = 2147483647;
			files = (
				93548E2C1517B52B00C929E7 /* InfoPlist.strings in Resources */,
				93548E381517B52B00C929E7 /* ViewController.xib in Resources */,
			);
			runOnlyForDeploymentPostprocessing = 0;
		};
/* End PBXResourcesBuildPhase section */

/* Begin PBXSourcesBuildPhase section */
		93548E191517B52B00C929E7 /* Sources */ = {
			isa = PBXSourcesBuildPhase;
			buildActionMask = 2147483647;
			files = (
				93548E2E1517B52B00C929E7 /* main.m in Sources */,
				93548E321517B52B00C929E7 /* AppDelegate.m in Sources */,
				93548E351517B52B00C929E7 /* ViewController.m in Sources */,
				93E84C121519897000679199 /* TF.m in Sources */,
				93E84C161519897D00679199 /* CA.m in Sources */,
			);
			runOnlyForDeploymentPostprocessing = 0;
		};
/* End PBXSourcesBuildPhase section */

/* Begin PBXVariantGroup section */
		93548E2A1517B52B00C929E7 /* InfoPlist.strings */ = {
			isa = PBXVariantGroup;
			children = (
				93548E2B1517B52B00C929E7 /* en */,
			);
			name = InfoPlist.strings;
			sourceTree = "<group>";
		};
		93548E361517B52B00C929E7 /* ViewController.xib */ = {
			isa = PBXVariantGroup;
			children = (
				93548E371517B52B00C929E7 /* en */,
			);
			name = ViewController.xib;
			sourceTree = "<group>";
		};
/* End PBXVariantGroup section */

/* Begin XCBuildConfiguration section */
		93548E391517B52B00C929E7 /* Debug */ = {
			isa = XCBuildConfiguration;
			buildSettings = {
				ALWAYS_SEARCH_USER_PATHS = NO;
				ARCHS = "$(ARCHS_STANDARD_32_BIT)";
				CLANG_ENABLE_OBJC_ARC = YES;
				"CODE_SIGN_IDENTITY[sdk=iphoneos*]" = "iPhone Developer";
				COPY_PHASE_STRIP = NO;
				GCC_C_LANGUAGE_STANDARD = gnu99;
				GCC_DYNAMIC_NO_PIC = NO;
				GCC_OPTIMIZATION_LEVEL = 0;
				GCC_PREPROCESSOR_DEFINITIONS = (
					"DEBUG=1",
					"$(inherited)",
				);
				GCC_SYMBOLS_PRIVATE_EXTERN = NO;
				GCC_VERSION = com.apple.compilers.llvm.clang.1_0;
				GCC_WARN_ABOUT_RETURN_TYPE = YES;
				GCC_WARN_UNINITIALIZED_AUTOS = YES;
				GCC_WARN_UNUSED_VARIABLE = YES;
				IPHONEOS_DEPLOYMENT_TARGET = 5.1;
				SDKROOT = iphoneos;
			};
			name = Debug;
		};
		93548E3A1517B52B00C929E7 /* Release */ = {
			isa = XCBuildConfiguration;
			buildSettings = {
				ALWAYS_SEARCH_USER_PATHS = NO;
				ARCHS = "$(ARCHS_STANDARD_32_BIT)";
				CLANG_ENABLE_OBJC_ARC = YES;
				"CODE_SIGN_IDENTITY[sdk=iphoneos*]" = "iPhone Developer";
				COPY_PHASE_STRIP = YES;
				GCC_C_LANGUAGE_STANDARD = gnu99;
				GCC_VERSION = com.apple.compilers.llvm.clang.1_0;
				GCC_WARN_ABOUT_RETURN_TYPE = YES;
				GCC_WARN_UNINITIALIZED_AUTOS = YES;
				GCC_WARN_UNUSED_VARIABLE = YES;
				IPHONEOS_DEPLOYMENT_TARGET = 5.1;
				OTHER_CFLAGS = "-DNS_BLOCK_ASSERTIONS=1";
				SDKROOT = iphoneos;
				VALIDATE_PRODUCT = YES;
			};
			name = Release;
		};
		93548E3C1517B52B00C929E7 /* Debug */ = {
			isa = XCBuildConfiguration;
			buildSettings = {
				GCC_PRECOMPILE_PREFIX_HEADER = YES;
				GCC_PREFIX_HEADER = "CustomProtocolExample/CustomProtocolExample-Prefix.pch";
				INFOPLIST_FILE = "CustomProtocolExample/CustomProtocolExample-Info.plist";
				PRODUCT_NAME = "$(TARGET_NAME)";
				WRAPPER_EXTENSION = app;
			};
			name = Debug;
		};
		93548E3D1517B52B00C929E7 /* Release */ = {
			isa = XCBuildConfiguration;
			buildSettings = {
				GCC_PRECOMPILE_PREFIX_HEADER = YES;
				GCC_PREFIX_HEADER = "CustomProtocolExample/CustomProtocolExample-Prefix.pch";
				INFOPLIST_FILE = "CustomProtocolExample/CustomProtocolExample-Info.plist";
				PRODUCT_NAME = "$(TARGET_NAME)";
				WRAPPER_EXTENSION = app;
			};
			name = Release;
		};
/* End XCBuildConfiguration section */

/* Begin XCConfigurationList section */
		93548E171517B52B00C929E7 /* Build configuration list for PBXProject "CustomProtocolExample" */ = {
			isa = XCConfigurationList;
			buildConfigurations = (
				93548E391517B52B00C929E7 /* Debug */,
				93548E3A1517B52B00C929E7 /* Release */,
			);
			defaultConfigurationIsVisible = 0;
			defaultConfigurationName = Release;
		};
		93548E3B1517B52B00C929E7 /* Build configuration list for PBXNativeTarget "CustomProtocolExample" */ = {
			isa = XCConfigurationList;
			buildConfigurations = (
				93548E3C1517B52B00C929E7 /* Debug */,
				93548E3D1517B52B00C929E7 /* Release */,
			);
			defaultConfigurationIsVisible = 0;
			defaultConfigurationName = Release;
		};
/* End XCConfigurationList section */
	};
	rootObject = 93548E141517B52B00C929E7 /* Project object */;
}
