// !$*UTF8*$!
{
	archiveVersion = 1;
	classes = {
	};
	objectVersion = 46;
	objects = {

/* Begin PBXBuildFile section */
		93EFDE6D135DF00000AD18A6 /* UIKit.framework in Frameworks */ = {isa = PBXBuildFile; fileRef = 93EFDE6C135DF00000AD18A6 /* UIKit.framework */; };
		93EFDE6F135DF00000AD18A6 /* Foundation.framework in Frameworks */ = {isa = PBXBuildFile; fileRef = 93EFDE6E135DF00000AD18A6 /* Foundation.framework */; };
		93EFDE71135DF00000AD18A6 /* CoreGraphics.framework in Frameworks */ = {isa = PBXBuildFile; fileRef = 93EFDE70135DF00000AD18A6 /* CoreGraphics.framework */; };
		93EFDE77135DF00000AD18A6 /* InfoPlist.strings in Resources */ = {isa = PBXBuildFile; fileRef = 93EFDE75135DF00000AD18A6 /* InfoPlist.strings */; };
		93EFDE7A135DF00000AD18A6 /* main.m in Sources */ = {isa = PBXBuildFile; fileRef = 93EFDE79135DF00000AD18A6 /* main.m */; };
		93EFDE7D135DF00000AD18A6 /* Section4App9AppDelegate.m in Sources */ = {isa = PBXBuildFile; fileRef = 93EFDE7C135DF00000AD18A6 /* Section4App9AppDelegate.m */; };
		93EFDE80135DF00000AD18A6 /* MainWindow.xib in Resources */ = {isa = PBXBuildFile; fileRef = 93EFDE7E135DF00000AD18A6 /* MainWindow.xib */; };
		93EFDE83135DF00000AD18A6 /* Section4App9ViewController.m in Sources */ = {isa = PBXBuildFile; fileRef = 93EFDE82135DF00000AD18A6 /* Section4App9ViewController.m */; };
		93EFDE86135DF00000AD18A6 /* Section4App9ViewController.xib in Resources */ = {isa = PBXBuildFile; fileRef = 93EFDE84135DF00000AD18A6 /* Section4App9ViewController.xib */; };
/* End PBXBuildFile section */

/* Begin PBXFileReference section */
		93EFDE68135DF00000AD18A6 /* Section4App9.app */ = {isa = PBXFileReference; explicitFileType = wrapper.application; includeInIndex = 0; path = Section4App9.app; sourceTree = BUILT_PRODUCTS_DIR; };
		93EFDE6C135DF00000AD18A6 /* UIKit.framework */ = {isa = PBXFileReference; lastKnownFileType = wrapper.framework; name = UIKit.framework; path = System/Library/Frameworks/UIKit.framework; sourceTree = SDKROOT; };
		93EFDE6E135DF00000AD18A6 /* Foundation.framework */ = {isa = PBXFileReference; lastKnownFileType = wrapper.framework; name = Foundation.framework; path = System/Library/Frameworks/Foundation.framework; sourceTree = SDKROOT; };
		93EFDE70135DF00000AD18A6 /* CoreGraphics.framework */ = {isa = PBXFileReference; lastKnownFileType = wrapper.framework; name = CoreGraphics.framework; path = System/Library/Frameworks/CoreGraphics.framework; sourceTree = SDKROOT; };
		93EFDE74135DF00000AD18A6 /* Section4App9-Info.plist */ = {isa = PBXFileReference; lastKnownFileType = text.plist.xml; path = "Section4App9-Info.plist"; sourceTree = "<group>"; };
		93EFDE76135DF00000AD18A6 /* en */ = {isa = PBXFileReference; lastKnownFileType = text.plist.strings; name = en; path = en.lproj/InfoPlist.strings; sourceTree = "<group>"; };
		93EFDE78135DF00000AD18A6 /* Section4App9-Prefix.pch */ = {isa = PBXFileReference; lastKnownFileType = sourcecode.c.h; path = "Section4App9-Prefix.pch"; sourceTree = "<group>"; };
		93EFDE79135DF00000AD18A6 /* main.m */ = {isa = PBXFileReference; lastKnownFileType = sourcecode.c.objc; path = main.m; sourceTree = "<group>"; };
		93EFDE7B135DF00000AD18A6 /* Section4App9AppDelegate.h */ = {isa = PBXFileReference; lastKnownFileType = sourcecode.c.h; path = Section4App9AppDelegate.h; sourceTree = "<group>"; };
		93EFDE7C135DF00000AD18A6 /* Section4App9AppDelegate.m */ = {isa = PBXFileReference; lastKnownFileType = sourcecode.c.objc; path = Section4App9AppDelegate.m; sourceTree = "<group>"; };
		93EFDE7F135DF00000AD18A6 /* en */ = {isa = PBXFileReference; lastKnownFileType = file.xib; name = en; path = en.lproj/MainWindow.xib; sourceTree = "<group>"; };
		93EFDE81135DF00000AD18A6 /* Section4App9ViewController.h */ = {isa = PBXFileReference; lastKnownFileType = sourcecode.c.h; path = Section4App9ViewController.h; sourceTree = "<group>"; };
		93EFDE82135DF00000AD18A6 /* Section4App9ViewController.m */ = {isa = PBXFileReference; lastKnownFileType = sourcecode.c.objc; path = Section4App9ViewController.m; sourceTree = "<group>"; };
		93EFDE85135DF00000AD18A6 /* en */ = {isa = PBXFileReference; lastKnownFileType = file.xib; name = en; path = en.lproj/Section4App9ViewController.xib; sourceTree = "<group>"; };
/* End PBXFileReference section */

/* Begin PBXFrameworksBuildPhase section */
		93EFDE65135DF00000AD18A6 /* Frameworks */ = {
			isa = PBXFrameworksBuildPhase;
			buildActionMask = 2147483647;
			files = (
				93EFDE6D135DF00000AD18A6 /* UIKit.framework in Frameworks */,
				93EFDE6F135DF00000AD18A6 /* Foundation.framework in Frameworks */,
				93EFDE71135DF00000AD18A6 /* CoreGraphics.framework in Frameworks */,
			);
			runOnlyForDeploymentPostprocessing = 0;
		};
/* End PBXFrameworksBuildPhase section */

/* Begin PBXGroup section */
		93EFDE5D135DF00000AD18A6 = {
			isa = PBXGroup;
			children = (
				93EFDE72135DF00000AD18A6 /* Section4App9 */,
				93EFDE6B135DF00000AD18A6 /* Frameworks */,
				93EFDE69135DF00000AD18A6 /* Products */,
			);
			sourceTree = "<group>";
		};
		93EFDE69135DF00000AD18A6 /* Products */ = {
			isa = PBXGroup;
			children = (
				93EFDE68135DF00000AD18A6 /* Section4App9.app */,
			);
			name = Products;
			sourceTree = "<group>";
		};
		93EFDE6B135DF00000AD18A6 /* Frameworks */ = {
			isa = PBXGroup;
			children = (
				93EFDE6C135DF00000AD18A6 /* UIKit.framework */,
				93EFDE6E135DF00000AD18A6 /* Foundation.framework */,
				93EFDE70135DF00000AD18A6 /* CoreGraphics.framework */,
			);
			name = Frameworks;
			sourceTree = "<group>";
		};
		93EFDE72135DF00000AD18A6 /* Section4App9 */ = {
			isa = PBXGroup;
			children = (
				93EFDE7B135DF00000AD18A6 /* Section4App9AppDelegate.h */,
				93EFDE7C135DF00000AD18A6 /* Section4App9AppDelegate.m */,
				93EFDE7E135DF00000AD18A6 /* MainWindow.xib */,
				93EFDE81135DF00000AD18A6 /* Section4App9ViewController.h */,
				93EFDE82135DF00000AD18A6 /* Section4App9ViewController.m */,
				93EFDE84135DF00000AD18A6 /* Section4App9ViewController.xib */,
				93EFDE73135DF00000AD18A6 /* Supporting Files */,
			);
			path = Section4App9;
			sourceTree = "<group>";
		};
		93EFDE73135DF00000AD18A6 /* Supporting Files */ = {
			isa = PBXGroup;
			children = (
				93EFDE74135DF00000AD18A6 /* Section4App9-Info.plist */,
				93EFDE75135DF00000AD18A6 /* InfoPlist.strings */,
				93EFDE78135DF00000AD18A6 /* Section4App9-Prefix.pch */,
				93EFDE79135DF00000AD18A6 /* main.m */,
			);
			name = "Supporting Files";
			sourceTree = "<group>";
		};
/* End PBXGroup section */

/* Begin PBXNativeTarget section */
		93EFDE67135DF00000AD18A6 /* Section4App9 */ = {
			isa = PBXNativeTarget;
			buildConfigurationList = 93EFDE89135DF00000AD18A6 /* Build configuration list for PBXNativeTarget "Section4App9" */;
			buildPhases = (
				93EFDE64135DF00000AD18A6 /* Sources */,
				93EFDE65135DF00000AD18A6 /* Frameworks */,
				93EFDE66135DF00000AD18A6 /* Resources */,
			);
			buildRules = (
			);
			dependencies = (
			);
			name = Section4App9;
			productName = Section4App9;
			productReference = 93EFDE68135DF00000AD18A6 /* Section4App9.app */;
			productType = "com.apple.product-type.application";
		};
/* End PBXNativeTarget section */

/* Begin PBXProject section */
		93EFDE5F135DF00000AD18A6 /* Project object */ = {
			isa = PBXProject;
			buildConfigurationList = 93EFDE62135DF00000AD18A6 /* Build configuration list for PBXProject "Section4App9" */;
			compatibilityVersion = "Xcode 3.2";
			developmentRegion = English;
			hasScannedForEncodings = 0;
			knownRegions = (
				en,
			);
			mainGroup = 93EFDE5D135DF00000AD18A6;
			productRefGroup = 93EFDE69135DF00000AD18A6 /* Products */;
			projectDirPath = "";
			projectRoot = "";
			targets = (
				93EFDE67135DF00000AD18A6 /* Section4App9 */,
			);
		};
/* End PBXProject section */

/* Begin PBXResourcesBuildPhase section */
		93EFDE66135DF00000AD18A6 /* Resources */ = {
			isa = PBXResourcesBuildPhase;
			buildActionMask = 2147483647;
			files = (
				93EFDE77135DF00000AD18A6 /* InfoPlist.strings in Resources */,
				93EFDE80135DF00000AD18A6 /* MainWindow.xib in Resources */,
				93EFDE86135DF00000AD18A6 /* Section4App9ViewController.xib in Resources */,
			);
			runOnlyForDeploymentPostprocessing = 0;
		};
/* End PBXResourcesBuildPhase section */

/* Begin PBXSourcesBuildPhase section */
		93EFDE64135DF00000AD18A6 /* Sources */ = {
			isa = PBXSourcesBuildPhase;
			buildActionMask = 2147483647;
			files = (
				93EFDE7A135DF00000AD18A6 /* main.m in Sources */,
				93EFDE7D135DF00000AD18A6 /* Section4App9AppDelegate.m in Sources */,
				93EFDE83135DF00000AD18A6 /* Section4App9ViewController.m in Sources */,
			);
			runOnlyForDeploymentPostprocessing = 0;
		};
/* End PBXSourcesBuildPhase section */

/* Begin PBXVariantGroup section */
		93EFDE75135DF00000AD18A6 /* InfoPlist.strings */ = {
			isa = PBXVariantGroup;
			children = (
				93EFDE76135DF00000AD18A6 /* en */,
			);
			name = InfoPlist.strings;
			sourceTree = "<group>";
		};
		93EFDE7E135DF00000AD18A6 /* MainWindow.xib */ = {
			isa = PBXVariantGroup;
			children = (
				93EFDE7F135DF00000AD18A6 /* en */,
			);
			name = MainWindow.xib;
			sourceTree = "<group>";
		};
		93EFDE84135DF00000AD18A6 /* Section4App9ViewController.xib */ = {
			isa = PBXVariantGroup;
			children = (
				93EFDE85135DF00000AD18A6 /* en */,
			);
			name = Section4App9ViewController.xib;
			sourceTree = "<group>";
		};
/* End PBXVariantGroup section */

/* Begin XCBuildConfiguration section */
		93EFDE87135DF00000AD18A6 /* Debug */ = {
			isa = XCBuildConfiguration;
			buildSettings = {
				ARCHS = "$(ARCHS_STANDARD_32_BIT)";
				"CODE_SIGN_IDENTITY[sdk=iphoneos*]" = "iPhone Developer";
				GCC_C_LANGUAGE_STANDARD = gnu99;
				GCC_OPTIMIZATION_LEVEL = 0;
				GCC_PREPROCESSOR_DEFINITIONS = DEBUG;
				GCC_SYMBOLS_PRIVATE_EXTERN = NO;
				GCC_VERSION = com.apple.compilers.llvmgcc42;
				GCC_WARN_ABOUT_RETURN_TYPE = YES;
				GCC_WARN_UNUSED_VARIABLE = YES;
				IPHONEOS_DEPLOYMENT_TARGET = 4.3;
				SDKROOT = iphoneos;
			};
			name = Debug;
		};
		93EFDE88135DF00000AD18A6 /* Release */ = {
			isa = XCBuildConfiguration;
			buildSettings = {
				ARCHS = "$(ARCHS_STANDARD_32_BIT)";
				"CODE_SIGN_IDENTITY[sdk=iphoneos*]" = "iPhone Developer";
				GCC_C_LANGUAGE_STANDARD = gnu99;
				GCC_VERSION = com.apple.compilers.llvmgcc42;
				GCC_WARN_ABOUT_RETURN_TYPE = YES;
				GCC_WARN_UNUSED_VARIABLE = YES;
				IPHONEOS_DEPLOYMENT_TARGET = 4.3;
				OTHER_CFLAGS = "-DNS_BLOCK_ASSERTIONS=1";
				SDKROOT = iphoneos;
			};
			name = Release;
		};
		93EFDE8A135DF00000AD18A6 /* Debug */ = {
			isa = XCBuildConfiguration;
			buildSettings = {
				ALWAYS_SEARCH_USER_PATHS = NO;
				COPY_PHASE_STRIP = NO;
				GCC_DYNAMIC_NO_PIC = NO;
				GCC_PRECOMPILE_PREFIX_HEADER = YES;
				GCC_PREFIX_HEADER = "Section4App9/Section4App9-Prefix.pch";
				INFOPLIST_FILE = "Section4App9/Section4App9-Info.plist";
				PRODUCT_NAME = "$(TARGET_NAME)";
				WRAPPER_EXTENSION = app;
			};
			name = Debug;
		};
		93EFDE8B135DF00000AD18A6 /* Release */ = {
			isa = XCBuildConfiguration;
			buildSettings = {
				ALWAYS_SEARCH_USER_PATHS = NO;
				COPY_PHASE_STRIP = YES;
				GCC_PRECOMPILE_PREFIX_HEADER = YES;
				GCC_PREFIX_HEADER = "Section4App9/Section4App9-Prefix.pch";
				INFOPLIST_FILE = "Section4App9/Section4App9-Info.plist";
				PRODUCT_NAME = "$(TARGET_NAME)";
				VALIDATE_PRODUCT = YES;
				WRAPPER_EXTENSION = app;
			};
			name = Release;
		};
/* End XCBuildConfiguration section */

/* Begin XCConfigurationList section */
		93EFDE62135DF00000AD18A6 /* Build configuration list for PBXProject "Section4App9" */ = {
			isa = XCConfigurationList;
			buildConfigurations = (
				93EFDE87135DF00000AD18A6 /* Debug */,
				93EFDE88135DF00000AD18A6 /* Release */,
			);
			defaultConfigurationIsVisible = 0;
			defaultConfigurationName = Release;
		};
		93EFDE89135DF00000AD18A6 /* Build configuration list for PBXNativeTarget "Section4App9" */ = {
			isa = XCConfigurationList;
			buildConfigurations = (
				93EFDE8A135DF00000AD18A6 /* Debug */,
				93EFDE8B135DF00000AD18A6 /* Release */,
			);
			defaultConfigurationIsVisible = 0;
		};
/* End XCConfigurationList section */
	};
	rootObject = 93EFDE5F135DF00000AD18A6 /* Project object */;
}
