// !$*UTF8*$!
{
	archiveVersion = 1;
	classes = {
	};
	objectVersion = 46;
	objects = {

/* Begin PBXBuildFile section */
		685928201341642F00B17201 /* UIKit.framework in Frameworks */ = {isa = PBXBuildFile; fileRef = 6859281F1341642F00B17201 /* UIKit.framework */; };
		685928221341642F00B17201 /* Foundation.framework in Frameworks */ = {isa = PBXBuildFile; fileRef = 685928211341642F00B17201 /* Foundation.framework */; };
		685928241341642F00B17201 /* CoreGraphics.framework in Frameworks */ = {isa = PBXBuildFile; fileRef = 685928231341642F00B17201 /* CoreGraphics.framework */; };
		6859282A1341642F00B17201 /* InfoPlist.strings in Resources */ = {isa = PBXBuildFile; fileRef = 685928281341642F00B17201 /* InfoPlist.strings */; };
		6859282D1341642F00B17201 /* main.m in Sources */ = {isa = PBXBuildFile; fileRef = 6859282C1341642F00B17201 /* main.m */; };
		685928301341642F00B17201 /* Section1App4AppDelegate.m in Sources */ = {isa = PBXBuildFile; fileRef = 6859282F1341642F00B17201 /* Section1App4AppDelegate.m */; };
		685928331341642F00B17201 /* MainWindow.xib in Resources */ = {isa = PBXBuildFile; fileRef = 685928311341642F00B17201 /* MainWindow.xib */; };
/* End PBXBuildFile section */

/* Begin PBXFileReference section */
		6859281B1341642F00B17201 /* Section1App4.app */ = {isa = PBXFileReference; explicitFileType = wrapper.application; includeInIndex = 0; path = Section1App4.app; sourceTree = BUILT_PRODUCTS_DIR; };
		6859281F1341642F00B17201 /* UIKit.framework */ = {isa = PBXFileReference; lastKnownFileType = wrapper.framework; name = UIKit.framework; path = System/Library/Frameworks/UIKit.framework; sourceTree = SDKROOT; };
		685928211341642F00B17201 /* Foundation.framework */ = {isa = PBXFileReference; lastKnownFileType = wrapper.framework; name = Foundation.framework; path = System/Library/Frameworks/Foundation.framework; sourceTree = SDKROOT; };
		685928231341642F00B17201 /* CoreGraphics.framework */ = {isa = PBXFileReference; lastKnownFileType = wrapper.framework; name = CoreGraphics.framework; path = System/Library/Frameworks/CoreGraphics.framework; sourceTree = SDKROOT; };
		685928271341642F00B17201 /* Section1App4-Info.plist */ = {isa = PBXFileReference; lastKnownFileType = text.plist.xml; path = "Section1App4-Info.plist"; sourceTree = "<group>"; };
		685928291341642F00B17201 /* en */ = {isa = PBXFileReference; lastKnownFileType = text.plist.strings; name = en; path = en.lproj/InfoPlist.strings; sourceTree = "<group>"; };
		6859282B1341642F00B17201 /* Section1App4-Prefix.pch */ = {isa = PBXFileReference; lastKnownFileType = sourcecode.c.h; path = "Section1App4-Prefix.pch"; sourceTree = "<group>"; };
		6859282C1341642F00B17201 /* main.m */ = {isa = PBXFileReference; lastKnownFileType = sourcecode.c.objc; path = main.m; sourceTree = "<group>"; };
		6859282E1341642F00B17201 /* Section1App4AppDelegate.h */ = {isa = PBXFileReference; lastKnownFileType = sourcecode.c.h; path = Section1App4AppDelegate.h; sourceTree = "<group>"; };
		6859282F1341642F00B17201 /* Section1App4AppDelegate.m */ = {isa = PBXFileReference; lastKnownFileType = sourcecode.c.objc; path = Section1App4AppDelegate.m; sourceTree = "<group>"; };
		685928321341642F00B17201 /* en */ = {isa = PBXFileReference; lastKnownFileType = file.xib; name = en; path = en.lproj/MainWindow.xib; sourceTree = "<group>"; };
/* End PBXFileReference section */

/* Begin PBXFrameworksBuildPhase section */
		685928181341642F00B17201 /* Frameworks */ = {
			isa = PBXFrameworksBuildPhase;
			buildActionMask = 2147483647;
			files = (
				685928201341642F00B17201 /* UIKit.framework in Frameworks */,
				685928221341642F00B17201 /* Foundation.framework in Frameworks */,
				685928241341642F00B17201 /* CoreGraphics.framework in Frameworks */,
			);
			runOnlyForDeploymentPostprocessing = 0;
		};
/* End PBXFrameworksBuildPhase section */

/* Begin PBXGroup section */
		685928101341642F00B17201 = {
			isa = PBXGroup;
			children = (
				685928251341642F00B17201 /* Section1App4 */,
				6859281E1341642F00B17201 /* Frameworks */,
				6859281C1341642F00B17201 /* Products */,
			);
			sourceTree = "<group>";
		};
		6859281C1341642F00B17201 /* Products */ = {
			isa = PBXGroup;
			children = (
				6859281B1341642F00B17201 /* Section1App4.app */,
			);
			name = Products;
			sourceTree = "<group>";
		};
		6859281E1341642F00B17201 /* Frameworks */ = {
			isa = PBXGroup;
			children = (
				6859281F1341642F00B17201 /* UIKit.framework */,
				685928211341642F00B17201 /* Foundation.framework */,
				685928231341642F00B17201 /* CoreGraphics.framework */,
			);
			name = Frameworks;
			sourceTree = "<group>";
		};
		685928251341642F00B17201 /* Section1App4 */ = {
			isa = PBXGroup;
			children = (
				6859282E1341642F00B17201 /* Section1App4AppDelegate.h */,
				6859282F1341642F00B17201 /* Section1App4AppDelegate.m */,
				685928311341642F00B17201 /* MainWindow.xib */,
				685928261341642F00B17201 /* Supporting Files */,
			);
			path = Section1App4;
			sourceTree = "<group>";
		};
		685928261341642F00B17201 /* Supporting Files */ = {
			isa = PBXGroup;
			children = (
				685928271341642F00B17201 /* Section1App4-Info.plist */,
				685928281341642F00B17201 /* InfoPlist.strings */,
				6859282B1341642F00B17201 /* Section1App4-Prefix.pch */,
				6859282C1341642F00B17201 /* main.m */,
			);
			name = "Supporting Files";
			sourceTree = "<group>";
		};
/* End PBXGroup section */

/* Begin PBXNativeTarget section */
		6859281A1341642F00B17201 /* Section1App4 */ = {
			isa = PBXNativeTarget;
			buildConfigurationList = 685928361341642F00B17201 /* Build configuration list for PBXNativeTarget "Section1App4" */;
			buildPhases = (
				685928171341642F00B17201 /* Sources */,
				685928181341642F00B17201 /* Frameworks */,
				685928191341642F00B17201 /* Resources */,
			);
			buildRules = (
			);
			dependencies = (
			);
			name = Section1App4;
			productName = Section1App4;
			productReference = 6859281B1341642F00B17201 /* Section1App4.app */;
			productType = "com.apple.product-type.application";
		};
/* End PBXNativeTarget section */

/* Begin PBXProject section */
		685928121341642F00B17201 /* Project object */ = {
			isa = PBXProject;
			attributes = {
				ORGANIZATIONNAME = "Harvard University";
			};
			buildConfigurationList = 685928151341642F00B17201 /* Build configuration list for PBXProject "Section1App4" */;
			compatibilityVersion = "Xcode 3.2";
			developmentRegion = English;
			hasScannedForEncodings = 0;
			knownRegions = (
				en,
			);
			mainGroup = 685928101341642F00B17201;
			productRefGroup = 6859281C1341642F00B17201 /* Products */;
			projectDirPath = "";
			projectRoot = "";
			targets = (
				6859281A1341642F00B17201 /* Section1App4 */,
			);
		};
/* End PBXProject section */

/* Begin PBXResourcesBuildPhase section */
		685928191341642F00B17201 /* Resources */ = {
			isa = PBXResourcesBuildPhase;
			buildActionMask = 2147483647;
			files = (
				6859282A1341642F00B17201 /* InfoPlist.strings in Resources */,
				685928331341642F00B17201 /* MainWindow.xib in Resources */,
			);
			runOnlyForDeploymentPostprocessing = 0;
		};
/* End PBXResourcesBuildPhase section */

/* Begin PBXSourcesBuildPhase section */
		685928171341642F00B17201 /* Sources */ = {
			isa = PBXSourcesBuildPhase;
			buildActionMask = 2147483647;
			files = (
				6859282D1341642F00B17201 /* main.m in Sources */,
				685928301341642F00B17201 /* Section1App4AppDelegate.m in Sources */,
			);
			runOnlyForDeploymentPostprocessing = 0;
		};
/* End PBXSourcesBuildPhase section */

/* Begin PBXVariantGroup section */
		685928281341642F00B17201 /* InfoPlist.strings */ = {
			isa = PBXVariantGroup;
			children = (
				685928291341642F00B17201 /* en */,
			);
			name = InfoPlist.strings;
			sourceTree = "<group>";
		};
		685928311341642F00B17201 /* MainWindow.xib */ = {
			isa = PBXVariantGroup;
			children = (
				685928321341642F00B17201 /* en */,
			);
			name = MainWindow.xib;
			sourceTree = "<group>";
		};
/* End PBXVariantGroup section */

/* Begin XCBuildConfiguration section */
		685928341341642F00B17201 /* Debug */ = {
			isa = XCBuildConfiguration;
			buildSettings = {
				ARCHS = "$(ARCHS_STANDARD_32_BIT)";
				"CODE_SIGN_IDENTITY[sdk=iphoneos*]" = "iPhone Developer";
				GCC_C_LANGUAGE_STANDARD = gnu99;
				GCC_OPTIMIZATION_LEVEL = 0;
				GCC_PREPROCESSOR_DEFINITIONS = DEBUG;
				GCC_SYMBOLS_PRIVATE_EXTERN = NO;
				GCC_VERSION = com.apple.compilers.llvmgcc42;
				GCC_WARN_ABOUT_RETURN_TYPE = YES;
				GCC_WARN_UNUSED_VARIABLE = YES;
				IPHONEOS_DEPLOYMENT_TARGET = 4.3;
				SDKROOT = iphoneos;
			};
			name = Debug;
		};
		685928351341642F00B17201 /* Release */ = {
			isa = XCBuildConfiguration;
			buildSettings = {
				ARCHS = "$(ARCHS_STANDARD_32_BIT)";
				"CODE_SIGN_IDENTITY[sdk=iphoneos*]" = "iPhone Developer";
				GCC_C_LANGUAGE_STANDARD = gnu99;
				GCC_VERSION = com.apple.compilers.llvmgcc42;
				GCC_WARN_ABOUT_RETURN_TYPE = YES;
				GCC_WARN_UNUSED_VARIABLE = YES;
				IPHONEOS_DEPLOYMENT_TARGET = 4.3;
				OTHER_CFLAGS = "-DNS_BLOCK_ASSERTIONS=1";
				SDKROOT = iphoneos;
			};
			name = Release;
		};
		685928371341642F00B17201 /* Debug */ = {
			isa = XCBuildConfiguration;
			buildSettings = {
				ALWAYS_SEARCH_USER_PATHS = NO;
				COPY_PHASE_STRIP = NO;
				GCC_DYNAMIC_NO_PIC = NO;
				GCC_PRECOMPILE_PREFIX_HEADER = YES;
				GCC_PREFIX_HEADER = "Section1App4/Section1App4-Prefix.pch";
				INFOPLIST_FILE = "Section1App4/Section1App4-Info.plist";
				PRODUCT_NAME = "$(TARGET_NAME)";
				WRAPPER_EXTENSION = app;
			};
			name = Debug;
		};
		685928381341642F00B17201 /* Release */ = {
			isa = XCBuildConfiguration;
			buildSettings = {
				ALWAYS_SEARCH_USER_PATHS = NO;
				COPY_PHASE_STRIP = YES;
				GCC_PRECOMPILE_PREFIX_HEADER = YES;
				GCC_PREFIX_HEADER = "Section1App4/Section1App4-Prefix.pch";
				INFOPLIST_FILE = "Section1App4/Section1App4-Info.plist";
				PRODUCT_NAME = "$(TARGET_NAME)";
				VALIDATE_PRODUCT = YES;
				WRAPPER_EXTENSION = app;
			};
			name = Release;
		};
/* End XCBuildConfiguration section */

/* Begin XCConfigurationList section */
		685928151341642F00B17201 /* Build configuration list for PBXProject "Section1App4" */ = {
			isa = XCConfigurationList;
			buildConfigurations = (
				685928341341642F00B17201 /* Debug */,
				685928351341642F00B17201 /* Release */,
			);
			defaultConfigurationIsVisible = 0;
			defaultConfigurationName = Release;
		};
		685928361341642F00B17201 /* Build configuration list for PBXNativeTarget "Section1App4" */ = {
			isa = XCConfigurationList;
			buildConfigurations = (
				685928371341642F00B17201 /* Debug */,
				685928381341642F00B17201 /* Release */,
			);
			defaultConfigurationIsVisible = 0;
		};
/* End XCConfigurationList section */
	};
	rootObject = 685928121341642F00B17201 /* Project object */;
}
